// !$*UTF8*$!
{
	archiveVersion = 1;
	classes = {
	};
	objectVersion = 48;
	objects = {

/* Begin PBXBuildFile section */
		302A5E244E3AB46BFCE7C4A8 /* Pods_Demo.framework in Frameworks */ = {isa = PBXBuildFile; fileRef = 058A9475176AE32A6CB67631 /* Pods_Demo.framework */; };
		696C4A712089801B001EC7EA /* TestSwift.swift in Sources */ = {isa = PBXBuildFile; fileRef = 696C4A702089801B001EC7EA /* TestSwift.swift */; };
		696C4A8E20898472001EC7EA /* DemoTableViewCell1.m in Sources */ = {isa = PBXBuildFile; fileRef = 696C4A8220898472001EC7EA /* DemoTableViewCell1.m */; };
		696C4A8F20898472001EC7EA /* DemoTableViewCell2.m in Sources */ = {isa = PBXBuildFile; fileRef = 696C4A8320898472001EC7EA /* DemoTableViewCell2.m */; };
		696C4A9020898472001EC7EA /* DemoTableViewCell2.xib in Resources */ = {isa = PBXBuildFile; fileRef = 696C4A8420898472001EC7EA /* DemoTableViewCell2.xib */; };
		696C4A9120898472001EC7EA /* DemoTableViewCell1.xib in Resources */ = {isa = PBXBuildFile; fileRef = 696C4A8520898472001EC7EA /* DemoTableViewCell1.xib */; };
		696C4A9220898472001EC7EA /* Demo2ViewController.m in Sources */ = {isa = PBXBuildFile; fileRef = 696C4A8A20898472001EC7EA /* Demo2ViewController.m */; };
		696C4A9320898472001EC7EA /* Demo1ViewController.m in Sources */ = {isa = PBXBuildFile; fileRef = 696C4A8C20898472001EC7EA /* Demo1ViewController.m */; };
		696C4A9720898C63001EC7EA /* Demo31ViewController.m in Sources */ = {isa = PBXBuildFile; fileRef = 696C4A9620898C63001EC7EA /* Demo31ViewController.m */; };
		696C4A9A20898C6C001EC7EA /* Demo32ViewController.m in Sources */ = {isa = PBXBuildFile; fileRef = 696C4A9920898C6C001EC7EA /* Demo32ViewController.m */; };
		696C4AA520899795001EC7EA /* FirstTableViewHeaderFooterView.m in Sources */ = {isa = PBXBuildFile; fileRef = 696C4AA420899795001EC7EA /* FirstTableViewHeaderFooterView.m */; };
		69CF92D720687F9400A389B5 /* AppDelegate.m in Sources */ = {isa = PBXBuildFile; fileRef = 69CF92D620687F9400A389B5 /* AppDelegate.m */; };
		69CF92DA20687F9400A389B5 /* ViewController.m in Sources */ = {isa = PBXBuildFile; fileRef = 69CF92D920687F9400A389B5 /* ViewController.m */; };
		69CF92DD20687F9400A389B5 /* Main.storyboard in Resources */ = {isa = PBXBuildFile; fileRef = 69CF92DB20687F9400A389B5 /* Main.storyboard */; };
		69CF92DF20687F9400A389B5 /* Assets.xcassets in Resources */ = {isa = PBXBuildFile; fileRef = 69CF92DE20687F9400A389B5 /* Assets.xcassets */; };
		69CF92E220687F9400A389B5 /* LaunchScreen.storyboard in Resources */ = {isa = PBXBuildFile; fileRef = 69CF92E020687F9400A389B5 /* LaunchScreen.storyboard */; };
		69CF92E520687F9400A389B5 /* main.m in Sources */ = {isa = PBXBuildFile; fileRef = 69CF92E420687F9400A389B5 /* main.m */; };
		69D1CD18209FDC9E00E86085 /* TableViewController.m in Sources */ = {isa = PBXBuildFile; fileRef = 69D1CD17209FDC9E00E86085 /* TableViewController.m */; };
		69EDF960209C5C8B00A18721 /* first.json in Resources */ = {isa = PBXBuildFile; fileRef = 69EDF95C209C5C8B00A18721 /* first.json */; };
		69EDF961209C5C8B00A18721 /* second.json in Resources */ = {isa = PBXBuildFile; fileRef = 69EDF95D209C5C8B00A18721 /* second.json */; };
		69EDF962209C5C8B00A18721 /* DataUtils.m in Sources */ = {isa = PBXBuildFile; fileRef = 69EDF95E209C5C8B00A18721 /* DataUtils.m */; };
/* End PBXBuildFile section */

/* Begin PBXFileReference section */
		058A9475176AE32A6CB67631 /* Pods_Demo.framework */ = {isa = PBXFileReference; explicitFileType = wrapper.framework; includeInIndex = 0; path = Pods_Demo.framework; sourceTree = BUILT_PRODUCTS_DIR; };
		696C4A6F2089801A001EC7EA /* Demo-Bridging-Header.h */ = {isa = PBXFileReference; lastKnownFileType = sourcecode.c.h; path = "Demo-Bridging-Header.h"; sourceTree = "<group>"; };
		696C4A702089801B001EC7EA /* TestSwift.swift */ = {isa = PBXFileReference; lastKnownFileType = sourcecode.swift; path = TestSwift.swift; sourceTree = "<group>"; };
		696C4A8220898472001EC7EA /* DemoTableViewCell1.m */ = {isa = PBXFileReference; fileEncoding = 4; lastKnownFileType = sourcecode.c.objc; path = DemoTableViewCell1.m; sourceTree = "<group>"; };
		696C4A8320898472001EC7EA /* DemoTableViewCell2.m */ = {isa = PBXFileReference; fileEncoding = 4; lastKnownFileType = sourcecode.c.objc; path = DemoTableViewCell2.m; sourceTree = "<group>"; };
		696C4A8420898472001EC7EA /* DemoTableViewCell2.xib */ = {isa = PBXFileReference; fileEncoding = 4; lastKnownFileType = file.xib; path = DemoTableViewCell2.xib; sourceTree = "<group>"; };
		696C4A8520898472001EC7EA /* DemoTableViewCell1.xib */ = {isa = PBXFileReference; fileEncoding = 4; lastKnownFileType = file.xib; path = DemoTableViewCell1.xib; sourceTree = "<group>"; };
		696C4A8620898472001EC7EA /* DemoTableViewCell1.h */ = {isa = PBXFileReference; fileEncoding = 4; lastKnownFileType = sourcecode.c.h; path = DemoTableViewCell1.h; sourceTree = "<group>"; };
		696C4A8720898472001EC7EA /* DemoTableViewCell2.h */ = {isa = PBXFileReference; fileEncoding = 4; lastKnownFileType = sourcecode.c.h; path = DemoTableViewCell2.h; sourceTree = "<group>"; };
		696C4A8920898472001EC7EA /* Demo2ViewController.h */ = {isa = PBXFileReference; fileEncoding = 4; lastKnownFileType = sourcecode.c.h; path = Demo2ViewController.h; sourceTree = "<group>"; };
		696C4A8A20898472001EC7EA /* Demo2ViewController.m */ = {isa = PBXFileReference; fileEncoding = 4; lastKnownFileType = sourcecode.c.objc; path = Demo2ViewController.m; sourceTree = "<group>"; };
		696C4A8C20898472001EC7EA /* Demo1ViewController.m */ = {isa = PBXFileReference; fileEncoding = 4; lastKnownFileType = sourcecode.c.objc; path = Demo1ViewController.m; sourceTree = "<group>"; };
		696C4A8D20898472001EC7EA /* Demo1ViewController.h */ = {isa = PBXFileReference; fileEncoding = 4; lastKnownFileType = sourcecode.c.h; path = Demo1ViewController.h; sourceTree = "<group>"; };
		696C4A9520898C63001EC7EA /* Demo31ViewController.h */ = {isa = PBXFileReference; lastKnownFileType = sourcecode.c.h; path = Demo31ViewController.h; sourceTree = "<group>"; };
		696C4A9620898C63001EC7EA /* Demo31ViewController.m */ = {isa = PBXFileReference; lastKnownFileType = sourcecode.c.objc; path = Demo31ViewController.m; sourceTree = "<group>"; };
		696C4A9820898C6C001EC7EA /* Demo32ViewController.h */ = {isa = PBXFileReference; lastKnownFileType = sourcecode.c.h; path = Demo32ViewController.h; sourceTree = "<group>"; };
		696C4A9920898C6C001EC7EA /* Demo32ViewController.m */ = {isa = PBXFileReference; lastKnownFileType = sourcecode.c.objc; path = Demo32ViewController.m; sourceTree = "<group>"; };
		696C4AA320899795001EC7EA /* FirstTableViewHeaderFooterView.h */ = {isa = PBXFileReference; lastKnownFileType = sourcecode.c.h; path = FirstTableViewHeaderFooterView.h; sourceTree = "<group>"; };
		696C4AA420899795001EC7EA /* FirstTableViewHeaderFooterView.m */ = {isa = PBXFileReference; lastKnownFileType = sourcecode.c.objc; path = FirstTableViewHeaderFooterView.m; sourceTree = "<group>"; };
		69CF92D220687F9300A389B5 /* Demo.app */ = {isa = PBXFileReference; explicitFileType = wrapper.application; includeInIndex = 0; path = Demo.app; sourceTree = BUILT_PRODUCTS_DIR; };
		69CF92D520687F9300A389B5 /* AppDelegate.h */ = {isa = PBXFileReference; lastKnownFileType = sourcecode.c.h; path = AppDelegate.h; sourceTree = "<group>"; };
		69CF92D620687F9400A389B5 /* AppDelegate.m */ = {isa = PBXFileReference; lastKnownFileType = sourcecode.c.objc; path = AppDelegate.m; sourceTree = "<group>"; };
		69CF92D820687F9400A389B5 /* ViewController.h */ = {isa = PBXFileReference; lastKnownFileType = sourcecode.c.h; path = ViewController.h; sourceTree = "<group>"; };
		69CF92D920687F9400A389B5 /* ViewController.m */ = {isa = PBXFileReference; lastKnownFileType = sourcecode.c.objc; path = ViewController.m; sourceTree = "<group>"; };
		69CF92DC20687F9400A389B5 /* Base */ = {isa = PBXFileReference; lastKnownFileType = file.storyboard; name = Base; path = Base.lproj/Main.storyboard; sourceTree = "<group>"; };
		69CF92DE20687F9400A389B5 /* Assets.xcassets */ = {isa = PBXFileReference; lastKnownFileType = folder.assetcatalog; path = Assets.xcassets; sourceTree = "<group>"; };
		69CF92E120687F9400A389B5 /* Base */ = {isa = PBXFileReference; lastKnownFileType = file.storyboard; name = Base; path = Base.lproj/LaunchScreen.storyboard; sourceTree = "<group>"; };
		69CF92E320687F9400A389B5 /* Info.plist */ = {isa = PBXFileReference; lastKnownFileType = text.plist.xml; path = Info.plist; sourceTree = "<group>"; };
		69CF92E420687F9400A389B5 /* main.m */ = {isa = PBXFileReference; lastKnownFileType = sourcecode.c.objc; path = main.m; sourceTree = "<group>"; };
		69CF92EE20687F9400A389B5 /* DemoTests.m */ = {isa = PBXFileReference; lastKnownFileType = sourcecode.c.objc; path = DemoTests.m; sourceTree = "<group>"; };
		69CF92F020687F9400A389B5 /* Info.plist */ = {isa = PBXFileReference; lastKnownFileType = text.plist.xml; path = Info.plist; sourceTree = "<group>"; };
		69CF92F920687F9400A389B5 /* DemoUITests.m */ = {isa = PBXFileReference; lastKnownFileType = sourcecode.c.objc; path = DemoUITests.m; sourceTree = "<group>"; };
		69CF92FB20687F9400A389B5 /* Info.plist */ = {isa = PBXFileReference; lastKnownFileType = text.plist.xml; path = Info.plist; sourceTree = "<group>"; };
		69D1CD16209FDC9E00E86085 /* TableViewController.h */ = {isa = PBXFileReference; lastKnownFileType = sourcecode.c.h; path = TableViewController.h; sourceTree = "<group>"; };
		69D1CD17209FDC9E00E86085 /* TableViewController.m */ = {isa = PBXFileReference; lastKnownFileType = sourcecode.c.objc; path = TableViewController.m; sourceTree = "<group>"; };
		69EDF95C209C5C8B00A18721 /* first.json */ = {isa = PBXFileReference; fileEncoding = 4; lastKnownFileType = text.json; path = first.json; sourceTree = "<group>"; };
		69EDF95D209C5C8B00A18721 /* second.json */ = {isa = PBXFileReference; fileEncoding = 4; lastKnownFileType = text.json; path = second.json; sourceTree = "<group>"; };
		69EDF95E209C5C8B00A18721 /* DataUtils.m */ = {isa = PBXFileReference; fileEncoding = 4; lastKnownFileType = sourcecode.c.objc; path = DataUtils.m; sourceTree = "<group>"; };
		69EDF95F209C5C8B00A18721 /* DataUtils.h */ = {isa = PBXFileReference; fileEncoding = 4; lastKnownFileType = sourcecode.c.h; path = DataUtils.h; sourceTree = "<group>"; };
		9537971FD62E92AA5721EF5A /* Pods-Demo.release.xcconfig */ = {isa = PBXFileReference; includeInIndex = 1; lastKnownFileType = text.xcconfig; name = "Pods-Demo.release.xcconfig"; path = "Pods/Target Support Files/Pods-Demo/Pods-Demo.release.xcconfig"; sourceTree = "<group>"; };
		CC9186519D990887B86C6BD2 /* Pods-Demo.debug.xcconfig */ = {isa = PBXFileReference; includeInIndex = 1; lastKnownFileType = text.xcconfig; name = "Pods-Demo.debug.xcconfig"; path = "Pods/Target Support Files/Pods-Demo/Pods-Demo.debug.xcconfig"; sourceTree = "<group>"; };
/* End PBXFileReference section */

/* Begin PBXFrameworksBuildPhase section */
		69CF92CF20687F9300A389B5 /* Frameworks */ = {
			isa = PBXFrameworksBuildPhase;
			buildActionMask = 2147483647;
			files = (
				302A5E244E3AB46BFCE7C4A8 /* Pods_Demo.framework in Frameworks */,
			);
			runOnlyForDeploymentPostprocessing = 0;
		};
/* End PBXFrameworksBuildPhase section */

/* Begin PBXGroup section */
		397DE19853D94BE7A6719984 /* Frameworks */ = {
			isa = PBXGroup;
			children = (
				058A9475176AE32A6CB67631 /* Pods_Demo.framework */,
			);
			name = Frameworks;
			sourceTree = "<group>";
		};
		696C4A6B20897526001EC7EA /* TableView */ = {
			isa = PBXGroup;
			children = (
				69D1CD15209FDC8B00E86085 /* Base */,
				696C4A9420898C30001EC7EA /* Demo3 */,
				696C4A8120898472001EC7EA /* cell */,
				696C4A8B20898472001EC7EA /* Demo1 */,
				696C4A8820898472001EC7EA /* Demo2 */,
			);
			path = TableView;
			sourceTree = "<group>";
		};
		696C4A8120898472001EC7EA /* cell */ = {
			isa = PBXGroup;
			children = (
				696C4A8620898472001EC7EA /* DemoTableViewCell1.h */,
				696C4A8220898472001EC7EA /* DemoTableViewCell1.m */,
				696C4A8520898472001EC7EA /* DemoTableViewCell1.xib */,
				696C4A8720898472001EC7EA /* DemoTableViewCell2.h */,
				696C4A8320898472001EC7EA /* DemoTableViewCell2.m */,
				696C4A8420898472001EC7EA /* DemoTableViewCell2.xib */,
				696C4AA320899795001EC7EA /* FirstTableViewHeaderFooterView.h */,
				696C4AA420899795001EC7EA /* FirstTableViewHeaderFooterView.m */,
			);
			path = cell;
			sourceTree = "<group>";
		};
		696C4A8820898472001EC7EA /* Demo2 */ = {
			isa = PBXGroup;
			children = (
				696C4A8920898472001EC7EA /* Demo2ViewController.h */,
				696C4A8A20898472001EC7EA /* Demo2ViewController.m */,
			);
			path = Demo2;
			sourceTree = "<group>";
		};
		696C4A8B20898472001EC7EA /* Demo1 */ = {
			isa = PBXGroup;
			children = (
				696C4A8D20898472001EC7EA /* Demo1ViewController.h */,
				696C4A8C20898472001EC7EA /* Demo1ViewController.m */,
			);
			path = Demo1;
			sourceTree = "<group>";
		};
		696C4A9420898C30001EC7EA /* Demo3 */ = {
			isa = PBXGroup;
			children = (
				696C4A9520898C63001EC7EA /* Demo31ViewController.h */,
				696C4A9620898C63001EC7EA /* Demo31ViewController.m */,
				696C4A9820898C6C001EC7EA /* Demo32ViewController.h */,
				696C4A9920898C6C001EC7EA /* Demo32ViewController.m */,
			);
			path = Demo3;
			sourceTree = "<group>";
		};
		69CF92C920687F9300A389B5 = {
			isa = PBXGroup;
			children = (
				69CF92D420687F9300A389B5 /* Demo */,
				69CF92ED20687F9400A389B5 /* DemoTests */,
				69CF92F820687F9400A389B5 /* DemoUITests */,
				69CF92D320687F9300A389B5 /* Products */,
				6E0D6B775B1D30272CBD32D4 /* Pods */,
				397DE19853D94BE7A6719984 /* Frameworks */,
			);
			sourceTree = "<group>";
		};
		69CF92D320687F9300A389B5 /* Products */ = {
			isa = PBXGroup;
			children = (
				69CF92D220687F9300A389B5 /* Demo.app */,
			);
			name = Products;
			sourceTree = "<group>";
		};
		69CF92D420687F9300A389B5 /* Demo */ = {
			isa = PBXGroup;
			children = (
				69EDF95B209C5C8B00A18721 /* data */,
				696C4A6B20897526001EC7EA /* TableView */,
				69CF92D520687F9300A389B5 /* AppDelegate.h */,
				69CF92D620687F9400A389B5 /* AppDelegate.m */,
				69CF92D820687F9400A389B5 /* ViewController.h */,
				69CF92D920687F9400A389B5 /* ViewController.m */,
				69CF92DB20687F9400A389B5 /* Main.storyboard */,
				69CF92DE20687F9400A389B5 /* Assets.xcassets */,
				69CF92E020687F9400A389B5 /* LaunchScreen.storyboard */,
				69CF92E320687F9400A389B5 /* Info.plist */,
				69CF92E420687F9400A389B5 /* main.m */,
				696C4A702089801B001EC7EA /* TestSwift.swift */,
				696C4A6F2089801A001EC7EA /* Demo-Bridging-Header.h */,
			);
			path = Demo;
			sourceTree = "<group>";
		};
		69CF92ED20687F9400A389B5 /* DemoTests */ = {
			isa = PBXGroup;
			children = (
				69CF92EE20687F9400A389B5 /* DemoTests.m */,
				69CF92F020687F9400A389B5 /* Info.plist */,
			);
			path = DemoTests;
			sourceTree = "<group>";
		};
		69CF92F820687F9400A389B5 /* DemoUITests */ = {
			isa = PBXGroup;
			children = (
				69CF92F920687F9400A389B5 /* DemoUITests.m */,
				69CF92FB20687F9400A389B5 /* Info.plist */,
			);
			path = DemoUITests;
			sourceTree = "<group>";
		};
		69D1CD15209FDC8B00E86085 /* Base */ = {
			isa = PBXGroup;
			children = (
				69D1CD16209FDC9E00E86085 /* TableViewController.h */,
				69D1CD17209FDC9E00E86085 /* TableViewController.m */,
			);
			path = Base;
			sourceTree = "<group>";
		};
		69EDF95B209C5C8B00A18721 /* data */ = {
			isa = PBXGroup;
			children = (
				69EDF95C209C5C8B00A18721 /* first.json */,
				69EDF95D209C5C8B00A18721 /* second.json */,
				69EDF95F209C5C8B00A18721 /* DataUtils.h */,
				69EDF95E209C5C8B00A18721 /* DataUtils.m */,
			);
			path = data;
			sourceTree = "<group>";
		};
		6E0D6B775B1D30272CBD32D4 /* Pods */ = {
			isa = PBXGroup;
			children = (
				CC9186519D990887B86C6BD2 /* Pods-Demo.debug.xcconfig */,
				9537971FD62E92AA5721EF5A /* Pods-Demo.release.xcconfig */,
			);
			name = Pods;
			sourceTree = "<group>";
		};
/* End PBXGroup section */

/* Begin PBXNativeTarget section */
		69CF92D120687F9300A389B5 /* Demo */ = {
			isa = PBXNativeTarget;
			buildConfigurationList = 69CF92FE20687F9400A389B5 /* Build configuration list for PBXNativeTarget "Demo" */;
			buildPhases = (
				AE004402C1D6E674CDD6CC91 /* [CP] Check Pods Manifest.lock */,
				69CF92CE20687F9300A389B5 /* Sources */,
				69CF92CF20687F9300A389B5 /* Frameworks */,
				69CF92D020687F9300A389B5 /* Resources */,
				42BF4F709633D4A2A384872B /* [CP] Embed Pods Frameworks */,
			);
			buildRules = (
			);
			dependencies = (
			);
			name = Demo;
			productName = Demo;
			productReference = 69CF92D220687F9300A389B5 /* Demo.app */;
			productType = "com.apple.product-type.application";
		};
/* End PBXNativeTarget section */

/* Begin PBXProject section */
		69CF92CA20687F9300A389B5 /* Project object */ = {
			isa = PBXProject;
			attributes = {
				LastUpgradeCheck = 0920;
				ORGANIZATIONNAME = JD;
				TargetAttributes = {
					69CF92D120687F9300A389B5 = {
						CreatedOnToolsVersion = 9.2;
						LastSwiftMigration = 0930;
						ProvisioningStyle = Automatic;
					};
				};
			};
			buildConfigurationList = 69CF92CD20687F9300A389B5 /* Build configuration list for PBXProject "Demo" */;
			compatibilityVersion = "Xcode 8.0";
			developmentRegion = en;
			hasScannedForEncodings = 0;
			knownRegions = (
				en,
				Base,
			);
			mainGroup = 69CF92C920687F9300A389B5;
			productRefGroup = 69CF92D320687F9300A389B5 /* Products */;
			projectDirPath = "";
			projectRoot = "";
			targets = (
				69CF92D120687F9300A389B5 /* Demo */,
			);
		};
/* End PBXProject section */

/* Begin PBXResourcesBuildPhase section */
		69CF92D020687F9300A389B5 /* Resources */ = {
			isa = PBXResourcesBuildPhase;
			buildActionMask = 2147483647;
			files = (
				69EDF960209C5C8B00A18721 /* first.json in Resources */,
				69CF92E220687F9400A389B5 /* LaunchScreen.storyboard in Resources */,
				696C4A9020898472001EC7EA /* DemoTableViewCell2.xib in Resources */,
				69CF92DF20687F9400A389B5 /* Assets.xcassets in Resources */,
				69CF92DD20687F9400A389B5 /* Main.storyboard in Resources */,
				69EDF961209C5C8B00A18721 /* second.json in Resources */,
				696C4A9120898472001EC7EA /* DemoTableViewCell1.xib in Resources */,
			);
			runOnlyForDeploymentPostprocessing = 0;
		};
/* End PBXResourcesBuildPhase section */

/* Begin PBXShellScriptBuildPhase section */
		42BF4F709633D4A2A384872B /* [CP] Embed Pods Frameworks */ = {
			isa = PBXShellScriptBuildPhase;
			buildActionMask = 2147483647;
			files = (
			);
			inputPaths = (
				"${SRCROOT}/Pods/Target Support Files/Pods-Demo/Pods-Demo-frameworks.sh",
				"${BUILT_PRODUCTS_DIR}/JDAutoLayout/JDAutoLayout.framework",
				"${BUILT_PRODUCTS_DIR}/JDTableView/JDTableView.framework",
			);
			name = "[CP] Embed Pods Frameworks";
			outputPaths = (
				"${TARGET_BUILD_DIR}/${FRAMEWORKS_FOLDER_PATH}/JDAutoLayout.framework",
				"${TARGET_BUILD_DIR}/${FRAMEWORKS_FOLDER_PATH}/JDTableView.framework",
			);
			runOnlyForDeploymentPostprocessing = 0;
			shellPath = /bin/sh;
			shellScript = "\"${SRCROOT}/Pods/Target Support Files/Pods-Demo/Pods-Demo-frameworks.sh\"\n";
			showEnvVarsInLog = 0;
		};
		AE004402C1D6E674CDD6CC91 /* [CP] Check Pods Manifest.lock */ = {
			isa = PBXShellScriptBuildPhase;
			buildActionMask = 2147483647;
			files = (
			);
			inputPaths = (
				"${PODS_PODFILE_DIR_PATH}/Podfile.lock",
				"${PODS_ROOT}/Manifest.lock",
			);
			name = "[CP] Check Pods Manifest.lock";
			outputPaths = (
				"$(DERIVED_FILE_DIR)/Pods-Demo-checkManifestLockResult.txt",
			);
			runOnlyForDeploymentPostprocessing = 0;
			shellPath = /bin/sh;
			shellScript = "diff \"${PODS_PODFILE_DIR_PATH}/Podfile.lock\" \"${PODS_ROOT}/Manifest.lock\" > /dev/null\nif [ $? != 0 ] ; then\n    # print error to STDERR\n    echo \"error: The sandbox is not in sync with the Podfile.lock. Run 'pod install' or update your CocoaPods installation.\" >&2\n    exit 1\nfi\n# This output is used by Xcode 'outputs' to avoid re-running this script phase.\necho \"SUCCESS\" > \"${SCRIPT_OUTPUT_FILE_0}\"\n";
			showEnvVarsInLog = 0;
		};
/* End PBXShellScriptBuildPhase section */

/* Begin PBXSourcesBuildPhase section */
		69CF92CE20687F9300A389B5 /* Sources */ = {
			isa = PBXSourcesBuildPhase;
			buildActionMask = 2147483647;
			files = (
				69CF92DA20687F9400A389B5 /* ViewController.m in Sources */,
				696C4A712089801B001EC7EA /* TestSwift.swift in Sources */,
				696C4AA520899795001EC7EA /* FirstTableViewHeaderFooterView.m in Sources */,
				69CF92E520687F9400A389B5 /* main.m in Sources */,
				69CF92D720687F9400A389B5 /* AppDelegate.m in Sources */,
				69EDF962209C5C8B00A18721 /* DataUtils.m in Sources */,
				696C4A8E20898472001EC7EA /* DemoTableViewCell1.m in Sources */,
				69D1CD18209FDC9E00E86085 /* TableViewController.m in Sources */,
				696C4A9320898472001EC7EA /* Demo1ViewController.m in Sources */,
				696C4A9A20898C6C001EC7EA /* Demo32ViewController.m in Sources */,
				696C4A9220898472001EC7EA /* Demo2ViewController.m in Sources */,
				696C4A9720898C63001EC7EA /* Demo31ViewController.m in Sources */,
				696C4A8F20898472001EC7EA /* DemoTableViewCell2.m in Sources */,
			);
			runOnlyForDeploymentPostprocessing = 0;
		};
/* End PBXSourcesBuildPhase section */

/* Begin PBXVariantGroup section */
		69CF92DB20687F9400A389B5 /* Main.storyboard */ = {
			isa = PBXVariantGroup;
			children = (
				69CF92DC20687F9400A389B5 /* Base */,
			);
			name = Main.storyboard;
			sourceTree = "<group>";
		};
		69CF92E020687F9400A389B5 /* LaunchScreen.storyboard */ = {
			isa = PBXVariantGroup;
			children = (
				69CF92E120687F9400A389B5 /* Base */,
			);
			name = LaunchScreen.storyboard;
			sourceTree = "<group>";
		};
/* End PBXVariantGroup section */

/* Begin XCBuildConfiguration section */
		69CF92FC20687F9400A389B5 /* Debug */ = {
			isa = XCBuildConfiguration;
			buildSettings = {
				ALWAYS_SEARCH_USER_PATHS = NO;
				CLANG_ANALYZER_NONNULL = YES;
				CLANG_ANALYZER_NUMBER_OBJECT_CONVERSION = YES_AGGRESSIVE;
				CLANG_CXX_LANGUAGE_STANDARD = "gnu++14";
				CLANG_CXX_LIBRARY = "libc++";
				CLANG_ENABLE_MODULES = YES;
				CLANG_ENABLE_OBJC_ARC = YES;
				CLANG_WARN_BLOCK_CAPTURE_AUTORELEASING = YES;
				CLANG_WARN_BOOL_CONVERSION = YES;
				CLANG_WARN_COMMA = YES;
				CLANG_WARN_CONSTANT_CONVERSION = YES;
				CLANG_WARN_DIRECT_OBJC_ISA_USAGE = YES_ERROR;
				CLANG_WARN_DOCUMENTATION_COMMENTS = YES;
				CLANG_WARN_EMPTY_BODY = YES;
				CLANG_WARN_ENUM_CONVERSION = YES;
				CLANG_WARN_INFINITE_RECURSION = YES;
				CLANG_WARN_INT_CONVERSION = YES;
				CLANG_WARN_NON_LITERAL_NULL_CONVERSION = YES;
				CLANG_WARN_OBJC_LITERAL_CONVERSION = YES;
				CLANG_WARN_OBJC_ROOT_CLASS = YES_ERROR;
				CLANG_WARN_RANGE_LOOP_ANALYSIS = YES;
				CLANG_WARN_STRICT_PROTOTYPES = YES;
				CLANG_WARN_SUSPICIOUS_MOVE = YES;
				CLANG_WARN_UNGUARDED_AVAILABILITY = YES_AGGRESSIVE;
				CLANG_WARN_UNREACHABLE_CODE = YES;
				CLANG_WARN__DUPLICATE_METHOD_MATCH = YES;
				CODE_SIGN_IDENTITY = "iPhone Developer";
				COPY_PHASE_STRIP = NO;
				DEBUG_INFORMATION_FORMAT = dwarf;
				ENABLE_STRICT_OBJC_MSGSEND = YES;
				ENABLE_TESTABILITY = YES;
				GCC_C_LANGUAGE_STANDARD = gnu11;
				GCC_DYNAMIC_NO_PIC = NO;
				GCC_NO_COMMON_BLOCKS = YES;
				GCC_OPTIMIZATION_LEVEL = 0;
				GCC_PREPROCESSOR_DEFINITIONS = (
					"DEBUG=1",
					"$(inherited)",
				);
				GCC_WARN_64_TO_32_BIT_CONVERSION = YES;
				GCC_WARN_ABOUT_RETURN_TYPE = YES_ERROR;
				GCC_WARN_UNDECLARED_SELECTOR = YES;
				GCC_WARN_UNINITIALIZED_AUTOS = YES_AGGRESSIVE;
				GCC_WARN_UNUSED_FUNCTION = YES;
				GCC_WARN_UNUSED_VARIABLE = YES;
				IPHONEOS_DEPLOYMENT_TARGET = 11.2;
				MTL_ENABLE_DEBUG_INFO = YES;
				ONLY_ACTIVE_ARCH = YES;
				SDKROOT = iphoneos;
			};
			name = Debug;
		};
		69CF92FD20687F9400A389B5 /* Release */ = {
			isa = XCBuildConfiguration;
			buildSettings = {
				ALWAYS_SEARCH_USER_PATHS = NO;
				CLANG_ANALYZER_NONNULL = YES;
				CLANG_ANALYZER_NUMBER_OBJECT_CONVERSION = YES_AGGRESSIVE;
				CLANG_CXX_LANGUAGE_STANDARD = "gnu++14";
				CLANG_CXX_LIBRARY = "libc++";
				CLANG_ENABLE_MODULES = YES;
				CLANG_ENABLE_OBJC_ARC = YES;
				CLANG_WARN_BLOCK_CAPTURE_AUTORELEASING = YES;
				CLANG_WARN_BOOL_CONVERSION = YES;
				CLANG_WARN_COMMA = YES;
				CLANG_WARN_CONSTANT_CONVERSION = YES;
				CLANG_WARN_DIRECT_OBJC_ISA_USAGE = YES_ERROR;
				CLANG_WARN_DOCUMENTATION_COMMENTS = YES;
				CLANG_WARN_EMPTY_BODY = YES;
				CLANG_WARN_ENUM_CONVERSION = YES;
				CLANG_WARN_INFINITE_RECURSION = YES;
				CLANG_WARN_INT_CONVERSION = YES;
				CLANG_WARN_NON_LITERAL_NULL_CONVERSION = YES;
				CLANG_WARN_OBJC_LITERAL_CONVERSION = YES;
				CLANG_WARN_OBJC_ROOT_CLASS = YES_ERROR;
				CLANG_WARN_RANGE_LOOP_ANALYSIS = YES;
				CLANG_WARN_STRICT_PROTOTYPES = YES;
				CLANG_WARN_SUSPICIOUS_MOVE = YES;
				CLANG_WARN_UNGUARDED_AVAILABILITY = YES_AGGRESSIVE;
				CLANG_WARN_UNREACHABLE_CODE = YES;
				CLANG_WARN__DUPLICATE_METHOD_MATCH = YES;
				CODE_SIGN_IDENTITY = "iPhone Developer";
				COPY_PHASE_STRIP = NO;
				DEBUG_INFORMATION_FORMAT = "dwarf-with-dsym";
				ENABLE_NS_ASSERTIONS = NO;
				ENABLE_STRICT_OBJC_MSGSEND = YES;
				GCC_C_LANGUAGE_STANDARD = gnu11;
				GCC_NO_COMMON_BLOCKS = YES;
				GCC_WARN_64_TO_32_BIT_CONVERSION = YES;
				GCC_WARN_ABOUT_RETURN_TYPE = YES_ERROR;
				GCC_WARN_UNDECLARED_SELECTOR = YES;
				GCC_WARN_UNINITIALIZED_AUTOS = YES_AGGRESSIVE;
				GCC_WARN_UNUSED_FUNCTION = YES;
				GCC_WARN_UNUSED_VARIABLE = YES;
				IPHONEOS_DEPLOYMENT_TARGET = 11.2;
				MTL_ENABLE_DEBUG_INFO = NO;
				SDKROOT = iphoneos;
				VALIDATE_PRODUCT = YES;
			};
			name = Release;
		};
		69CF92FF20687F9400A389B5 /* Debug */ = {
			isa = XCBuildConfiguration;
			baseConfigurationReference = CC9186519D990887B86C6BD2 /* Pods-Demo.debug.xcconfig */;
			buildSettings = {
				ASSETCATALOG_COMPILER_APPICON_NAME = AppIcon;
				CLANG_ENABLE_MODULES = YES;
				CODE_SIGN_STYLE = Automatic;
				INFOPLIST_FILE = Demo/Info.plist;
				IPHONEOS_DEPLOYMENT_TARGET = 8.0;
				LD_RUNPATH_SEARCH_PATHS = "$(inherited) @executable_path/Frameworks";
				PRODUCT_BUNDLE_IDENTIFIER = com.jd.DataChannel.Demo;
				PRODUCT_NAME = "$(TARGET_NAME)";
				SWIFT_OBJC_BRIDGING_HEADER = "Demo/Demo-Bridging-Header.h";
				SWIFT_OPTIMIZATION_LEVEL = "-Onone";
				SWIFT_VERSION = 3.0;
				TARGETED_DEVICE_FAMILY = "1,2";
			};
			name = Debug;
		};
		69CF930020687F9400A389B5 /* Release */ = {
			isa = XCBuildConfiguration;
			baseConfigurationReference = 9537971FD62E92AA5721EF5A /* Pods-Demo.release.xcconfig */;
			buildSettings = {
				ASSETCATALOG_COMPILER_APPICON_NAME = AppIcon;
				CLANG_ENABLE_MODULES = YES;
				CODE_SIGN_STYLE = Automatic;
				INFOPLIST_FILE = Demo/Info.plist;
				IPHONEOS_DEPLOYMENT_TARGET = 8.0;
				LD_RUNPATH_SEARCH_PATHS = "$(inherited) @executable_path/Frameworks";
				PRODUCT_BUNDLE_IDENTIFIER = com.jd.DataChannel.Demo;
				PRODUCT_NAME = "$(TARGET_NAME)";
				SWIFT_OBJC_BRIDGING_HEADER = "Demo/Demo-Bridging-Header.h";
				SWIFT_VERSION = 3.0;
				TARGETED_DEVICE_FAMILY = "1,2";
			};
			name = Release;
		};
/* End XCBuildConfiguration section */

/* Begin XCConfigurationList section */
		69CF92CD20687F9300A389B5 /* Build configuration list for PBXProject "Demo" */ = {
			isa = XCConfigurationList;
			buildConfigurations = (
				69CF92FC20687F9400A389B5 /* Debug */,
				69CF92FD20687F9400A389B5 /* Release */,
			);
			defaultConfigurationIsVisible = 0;
			defaultConfigurationName = Release;
		};
		69CF92FE20687F9400A389B5 /* Build configuration list for PBXNativeTarget "Demo" */ = {
			isa = XCConfigurationList;
			buildConfigurations = (
				69CF92FF20687F9400A389B5 /* Debug */,
				69CF930020687F9400A389B5 /* Release */,
			);
			defaultConfigurationIsVisible = 0;
			defaultConfigurationName = Release;
		};
/* End XCConfigurationList section */
	};
	rootObject = 69CF92CA20687F9300A389B5 /* Project object */;
}
